
Microsoft Visual Studio Solution File, Format Version 12.00
# Visual Studio 14
VisualStudioVersion = 14.0.25420.1
MinimumVisualStudioVersion = 10.0.40219.1
Project("{FAE04EC0-301F-11D3-BF4B-00C04F79EFBC}") = "SeAn.XrmToolbox.Plugins", "SeAn.XrmToolbox.Plugins\SeAn.XrmToolbox.Plugins.csproj", "{4F483753-1139-4A9B-BA66-88FAA612E983}"
EndProject
Global
	GlobalSection(SolutionConfigurationPlatforms) = preSolution
		Debug|Any CPU = Debug|Any CPU
		Release|Any CPU = Release|Any CPU
	EndGlobalSection
	GlobalSection(ProjectConfigurationPlatforms) = postSolution
		{4F483753-1139-4A9B-BA66-88FAA612E983}.Debug|Any CPU.ActiveCfg = Debug|Any CPU
		{4F483753-1139-4A9B-BA66-88FAA612E983}.Debug|Any CPU.Build.0 = Debug|Any CPU
		{4F483753-1139-4A9B-BA66-88FAA612E983}.Release|Any CPU.ActiveCfg = Release|Any CPU
		{4F483753-1139-4A9B-BA66-88FAA612E983}.Release|Any CPU.Build.0 = Release|Any CPU
	EndGlobalSection
	GlobalSection(SolutionProperties) = preSolution
		HideSolutionNode = FALSE
	EndGlobalSection
EndGlobal
